
Microsoft Visual Studio Solution File, Format Version 12.00
Project("{FAE04EC0-301F-11D3-BF4B-00C04F79EFBC}") = "SSD_EXAM", "SSD_EXAM\SSD_EXAM.csproj", "{8F6DE095-7172-43BF-AFA6-44E0AE0B1FF1}"
EndProject
Global
	GlobalSection(SolutionConfigurationPlatforms) = preSolution
		Debug|Any CPU = Debug|Any CPU
		Release|Any CPU = Release|Any CPU
	EndGlobalSection
	GlobalSection(ProjectConfigurationPlatforms) = postSolution
		{8F6DE095-7172-43BF-AFA6-44E0AE0B1FF1}.Debug|Any CPU.ActiveCfg = Debug|Any CPU
		{8F6DE095-7172-43BF-AFA6-44E0AE0B1FF1}.Debug|Any CPU.Build.0 = Debug|Any CPU
		{8F6DE095-7172-43BF-AFA6-44E0AE0B1FF1}.Release|Any CPU.ActiveCfg = Release|Any CPU
		{8F6DE095-7172-43BF-AFA6-44E0AE0B1FF1}.Release|Any CPU.Build.0 = Release|Any CPU
	EndGlobalSection
EndGlobal
